{
    "_readme": [
        "This file locks the dependencies of your project to a known state",
        "Read more about it at https://getcomposer.org/doc/01-basic-usage.md#installing-dependencies",
        "This file is @generated automatically"
    ],
    "content-hash": "8a757d1e3cc578f8bf18223070193ebc",
    "packages": [
        {
            "name": "composer/installers",
            "version": "1.x-dev",
            "source": {
                "type": "git",
                "url": "https://github.com/composer/installers.git",
                "reference": "894a0b5c5d34c88b69b097f2aae1439730fa6836"
            },
            "dist": {
                "type": "zip",
                "url": "https://api.github.com/repos/composer/installers/zipball/894a0b5c5d34c88b69b097f2aae1439730fa6836",
                "reference": "894a0b5c5d34c88b69b097f2aae1439730fa6836",
                "shasum": ""
            },
            "require": {
                "composer-plugin-api": "^1.0 || ^2.0"
            },
            "replace": {
                "roundcube/plugin-installer": "*",
                "shama/baton": "*"
            },
            "require-dev": {
                "composer/composer": "1.6.* || ^2.0",
                "composer/semver": "^1 || ^3",
                "phpstan/phpstan": "^0.12.55",
                "phpstan/phpstan-phpunit": "^0.12.16",
                "symfony/phpunit-bridge": "^4.2 || ^5",
                "symfony/process": "^2.3"
            },
            "type": "composer-plugin",
            "extra": {
                "class": "Composer\\Installers\\Plugin",
                "branch-alias": {
                    "dev-main": "1.x-dev"
                },
                "plugin-modifies-install-path": true
            },
            "autoload": {
                "psr-4": {
                    "Composer\\Installers\\": "src/Composer/Installers"
                }
            },
            "notification-url": "https://packagist.org/downloads/",
            "license": [
                "MIT"
            ],
            "authors": [
                {
                    "name": "Kyle Robinson Young",
                    "email": "kyle@dontkry.com",
                    "homepage": "https://github.com/shama"
                }
            ],
            "description": "A multi-framework Composer library installer",
            "homepage": "https://composer.github.io/installers/",
            "keywords": [
                "Craft",
                "Dolibarr",
                "Eliasis",
                "Hurad",
                "ImageCMS",
                "Kanboard",
                "Lan Management System",
                "MODX Evo",
                "MantisBT",
                "Mautic",
                "Maya",
                "OXID",
                "Plentymarkets",
                "Porto",
                "RadPHP",
                "SMF",
                "Starbug",
                "Thelia",
                "Whmcs",
                "WolfCMS",
                "agl",
                "aimeos",
                "annotatecms",
                "attogram",
                "bitrix",
                "cakephp",
                "chef",
                "cockpit",
                "codeigniter",
                "concrete5",
                "croogo",
                "dokuwiki",
                "drupal",
                "eZ Platform",
                "elgg",
                "expressionengine",
                "fuelphp",
                "grav",
                "installer",
                "itop",
                "joomla",
                "known",
                "kohana",
                "laravel",
                "lavalite",
                "lithium",
                "magento",
                "majima",
                "mako",
                "mediawiki",
                "miaoxing",
                "modulework",
                "modx",
                "moodle",
                "osclass",
                "pantheon",
                "phpbb",
                "piwik",
                "ppi",
                "processwire",
                "puppet",
                "pxcms",
                "reindex",
                "roundcube",
                "shopware",
                "silverstripe",
                "sydes",
                "sylius",
                "symfony",
                "tastyigniter",
                "typo3",
                "wordpress",
                "yawik",
                "zend",
                "zikula"
            ],
            "support": {
                "issues": "https://github.com/composer/installers/issues",
                "source": "https://github.com/composer/installers/tree/1.x"
            },
            "funding": [
                {
                    "url": "https://packagist.com",
                    "type": "custom"
                },
                {
                    "url": "https://github.com/composer",
                    "type": "github"
                },
                {
                    "url": "https://tidelift.com/funding/github/packagist/composer/composer",
                    "type": "tidelift"
                }
            ],
            "time": "2022-03-15T21:23:54+00:00"
        },
        {
            "name": "erusev/parsedown",
            "version": "1.8.0-beta-7",
            "source": {
                "type": "git",
                "url": "https://github.com/erusev/parsedown.git",
                "reference": "fe7a50eceb4a3c867cc9fa9c0aa906b1067d1955"
            },
            "dist": {
                "type": "zip",
                "url": "https://api.github.com/repos/erusev/parsedown/zipball/fe7a50eceb4a3c867cc9fa9c0aa906b1067d1955",
                "reference": "fe7a50eceb4a3c867cc9fa9c0aa906b1067d1955",
                "shasum": ""
            },
            "require": {
                "ext-mbstring": "*",
                "php": ">=5.3.0"
            },
            "require-dev": {
                "phpunit/phpunit": "^4.8.35"
            },
            "type": "library",
            "autoload": {
                "psr-0": {
                    "Parsedown": ""
                }
            },
            "notification-url": "https://packagist.org/downloads/",
            "license": [
                "MIT"
            ],
            "authors": [
                {
                    "name": "Emanuil Rusev",
                    "email": "hello@erusev.com",
                    "homepage": "http://erusev.com"
                }
            ],
            "description": "Parser for Markdown.",
            "homepage": "http://parsedown.org",
            "keywords": [
                "markdown",
                "parser"
            ],
            "support": {
                "issues": "https://github.com/erusev/parsedown/issues",
                "source": "https://github.com/erusev/parsedown/tree/1.8.0-beta-7"
            },
            "time": "2019-03-17T18:47:21+00:00"
        },
        {
            "name": "johnbillion/wp-hooks-generator",
            "version": "0.7.3",
            "source": {
                "type": "git",
                "url": "https://github.com/johnbillion/wp-hooks-generator.git",
                "reference": "29eeb0d119ef7321dd99f353124cecfadc4636c9"
            },
            "dist": {
                "type": "zip",
                "url": "https://api.github.com/repos/johnbillion/wp-hooks-generator/zipball/29eeb0d119ef7321dd99f353124cecfadc4636c9",
                "reference": "29eeb0d119ef7321dd99f353124cecfadc4636c9",
                "shasum": ""
            },
            "require": {
                "johnbillion/wp-parser-lib": "^1.3.0",
                "php": ">=7"
            },
            "require-dev": {
                "oomphinc/composer-installers-extender": "^2",
                "opis/json-schema": "^1"
            },
            "bin": [
                "bin/wp-hooks-generator"
            ],
            "type": "library",
            "notification-url": "https://packagist.org/downloads/",
            "license": [
                "GPL-3.0-or-later"
            ],
            "authors": [
                {
                    "name": "John Blackbourn",
                    "homepage": "https://johnblackbourn.com/"
                }
            ],
            "description": "Generates a JSON representation of the WordPress actions and filters in your code",
            "support": {
                "issues": "https://github.com/johnbillion/wp-hooks-generator/issues",
                "source": "https://github.com/johnbillion/wp-hooks-generator/tree/0.7.3"
            },
            "funding": [
                {
                    "url": "https://github.com/johnbillion",
                    "type": "github"
                }
            ],
            "time": "2022-01-27T13:59:30+00:00"
        },
        {
            "name": "johnbillion/wp-parser-lib",
            "version": "1.3.0",
            "source": {
                "type": "git",
                "url": "https://github.com/johnbillion/wp-parser-lib.git",
                "reference": "46ed07365f8bd22f1edc828f9cfeed0c0f2c7d07"
            },
            "dist": {
                "type": "zip",
                "url": "https://api.github.com/repos/johnbillion/wp-parser-lib/zipball/46ed07365f8bd22f1edc828f9cfeed0c0f2c7d07",
                "reference": "46ed07365f8bd22f1edc828f9cfeed0c0f2c7d07",
                "shasum": ""
            },
            "require": {
                "composer/installers": "~1.0",
                "erusev/parsedown": "~1.7",
                "php": ">=5.4",
                "phpdocumentor/reflection": "~3.0"
            },
            "type": "library",
            "autoload": {
                "files": [
                    "lib/runner.php"
                ],
                "classmap": [
                    "lib"
                ]
            },
            "notification-url": "https://packagist.org/downloads/",
            "license": [
                "GPL-2.0-or-later"
            ],
            "authors": [
                {
                    "name": "Ryan McCue",
                    "homepage": "http://ryanmccue.info",
                    "role": "Developer"
                },
                {
                    "name": "Contributors",
                    "homepage": "https://github.com/johnbillion/wp-parser-lib/graphs/contributors"
                }
            ],
            "description": "File scanning and hook parsing functionality from WP Parser.",
            "homepage": "https://github.com/johnbillion/wp-parser-lib",
            "keywords": [
                "wordpress"
            ],
            "support": {
                "issues": "https://github.com/johnbillion/wp-parser-lib/issues",
                "source": "https://github.com/johnbillion/wp-parser-lib/tree/1.3.0"
            },
            "time": "2022-01-27T13:57:08+00:00"
        },
        {
            "name": "nikic/php-parser",
            "version": "1.x-dev",
            "source": {
                "type": "git",
                "url": "https://github.com/nikic/PHP-Parser.git",
                "reference": "c4bbc8e236a1f21b2b17cfbf3d46aa6ece69b9f7"
            },
            "dist": {
                "type": "zip",
                "url": "https://api.github.com/repos/nikic/PHP-Parser/zipball/c4bbc8e236a1f21b2b17cfbf3d46aa6ece69b9f7",
                "reference": "c4bbc8e236a1f21b2b17cfbf3d46aa6ece69b9f7",
                "shasum": ""
            },
            "require": {
                "ext-tokenizer": "*",
                "php": ">=5.3"
            },
            "type": "library",
            "extra": {
                "branch-alias": {
                    "dev-master": "1.4-dev"
                }
            },
            "autoload": {
                "files": [
                    "lib/bootstrap.php"
                ]
            },
            "notification-url": "https://packagist.org/downloads/",
            "license": [
                "BSD-3-Clause"
            ],
            "authors": [
                {
                    "name": "Nikita Popov"
                }
            ],
            "description": "A PHP parser written in PHP",
            "keywords": [
                "parser",
                "php"
            ],
            "support": {
                "issues": "https://github.com/nikic/PHP-Parser/issues",
                "source": "https://github.com/nikic/PHP-Parser/tree/1.x"
            },
            "time": "2016-01-15T21:03:42+00:00"
        },
        {
            "name": "phpdocumentor/reflection",
            "version": "3.0.x-dev",
            "source": {
                "type": "git",
                "url": "https://github.com/phpDocumentor/Reflection.git",
                "reference": "59e61accdecf9ea69db71763a0f6f774094f656e"
            },
            "dist": {
                "type": "zip",
                "url": "https://api.github.com/repos/phpDocumentor/Reflection/zipball/59e61accdecf9ea69db71763a0f6f774094f656e",
                "reference": "59e61accdecf9ea69db71763a0f6f774094f656e",
                "shasum": ""
            },
            "require": {
                "nikic/php-parser": "^1.0",
                "php": ">=5.3.3",
                "phpdocumentor/reflection-docblock": "~2.0",
                "psr/log": "~1.0"
            },
            "require-dev": {
                "behat/behat": "~2.4",
                "mockery/mockery": "~0.8",
                "phpunit/phpunit": "~4.0"
            },
            "type": "library",
            "extra": {
                "branch-alias": {
                    "dev-master": "3.0.x-dev"
                }
            },
            "autoload": {
                "psr-0": {
                    "phpDocumentor": [
                        "src/",
                        "tests/unit/",
                        "tests/mocks/"
                    ]
                }
            },
            "notification-url": "https://packagist.org/downloads/",
            "license": [
                "MIT"
            ],
            "description": "Reflection library to do Static Analysis for PHP Projects",
            "homepage": "http://www.phpdoc.org",
            "keywords": [
                "phpDocumentor",
                "phpdoc",
                "reflection",
                "static analysis"
            ],
            "support": {
                "issues": "https://github.com/phpDocumentor/Reflection/issues",
                "source": "https://github.com/phpDocumentor/Reflection/tree/master"
            },
            "time": "2017-12-20T21:17:50+00:00"
        },
        {
            "name": "phpdocumentor/reflection-docblock",
            "version": "2.0.5",
            "source": {
                "type": "git",
                "url": "https://github.com/phpDocumentor/ReflectionDocBlock.git",
                "reference": "e6a969a640b00d8daa3c66518b0405fb41ae0c4b"
            },
            "dist": {
                "type": "zip",
                "url": "https://api.github.com/repos/phpDocumentor/ReflectionDocBlock/zipball/e6a969a640b00d8daa3c66518b0405fb41ae0c4b",
                "reference": "e6a969a640b00d8daa3c66518b0405fb41ae0c4b",
                "shasum": ""
            },
            "require": {
                "php": ">=5.3.3"
            },
            "require-dev": {
                "phpunit/phpunit": "~4.0"
            },
            "suggest": {
                "dflydev/markdown": "~1.0",
                "erusev/parsedown": "~1.0"
            },
            "type": "library",
            "extra": {
                "branch-alias": {
                    "dev-master": "2.0.x-dev"
                }
            },
            "autoload": {
                "psr-0": {
                    "phpDocumentor": [
                        "src/"
                    ]
                }
            },
            "notification-url": "https://packagist.org/downloads/",
            "license": [
                "MIT"
            ],
            "authors": [
                {
                    "name": "Mike van Riel",
                    "email": "mike.vanriel@naenius.com"
                }
            ],
            "support": {
                "issues": "https://github.com/phpDocumentor/ReflectionDocBlock/issues",
                "source": "https://github.com/phpDocumentor/ReflectionDocBlock/tree/release/2.x"
            },
            "time": "2016-01-25T08:17:30+00:00"
        },
        {
            "name": "psr/log",
            "version": "1.1.4",
            "source": {
                "type": "git",
                "url": "https://github.com/php-fig/log.git",
                "reference": "d49695b909c3b7628b6289db5479a1c204601f11"
            },
            "dist": {
                "type": "zip",
                "url": "https://api.github.com/repos/php-fig/log/zipball/d49695b909c3b7628b6289db5479a1c204601f11",
                "reference": "d49695b909c3b7628b6289db5479a1c204601f11",
                "shasum": ""
            },
            "require": {
                "php": ">=5.3.0"
            },
            "type": "library",
            "extra": {
                "branch-alias": {
                    "dev-master": "1.1.x-dev"
                }
            },
            "autoload": {
                "psr-4": {
                    "Psr\\Log\\": "Psr/Log/"
                }
            },
            "notification-url": "https://packagist.org/downloads/",
            "license": [
                "MIT"
            ],
            "authors": [
                {
                    "name": "PHP-FIG",
                    "homepage": "https://www.php-fig.org/"
                }
            ],
            "description": "Common interface for logging libraries",
            "homepage": "https://github.com/php-fig/log",
            "keywords": [
                "log",
                "psr",
                "psr-3"
            ],
            "support": {
                "source": "https://github.com/php-fig/log/tree/1.1.4"
            },
            "time": "2021-05-03T11:20:27+00:00"
        }
    ],
    "packages-dev": [],
    "aliases": [],
    "minimum-stability": "dev",
    "stability-flags": [],
    "prefer-stable": false,
    "prefer-lowest": false,
    "platform": [],
    "platform-dev": [],
    "plugin-api-version": "2.1.0"
}
